
Microsoft Visual Studio Solution File, Format Version 11.00
# Visual Studio 2010
Project("{FAE04EC0-301F-11D3-BF4B-00C04F79EFBC}") = "Modulo6.Actividad2", "Modulo6.Actividad2.csproj", "{AFC80375-AE8A-433F-B061-E4DF87B0E0F1}"
EndProject
Global
	GlobalSection(SolutionConfigurationPlatforms) = preSolution
		Debug|Any CPU = Debug|Any CPU
		Release|Any CPU = Release|Any CPU
	EndGlobalSection
	GlobalSection(ProjectConfigurationPlatforms) = postSolution
		{AFC80375-AE8A-433F-B061-E4DF87B0E0F1}.Debug|Any CPU.ActiveCfg = Debug|Any CPU
		{AFC80375-AE8A-433F-B061-E4DF87B0E0F1}.Debug|Any CPU.Build.0 = Debug|Any CPU
		{AFC80375-AE8A-433F-B061-E4DF87B0E0F1}.Debug|Any CPU.Deploy.0 = Debug|Any CPU
		{AFC80375-AE8A-433F-B061-E4DF87B0E0F1}.Release|Any CPU.ActiveCfg = Release|Any CPU
		{AFC80375-AE8A-433F-B061-E4DF87B0E0F1}.Release|Any CPU.Build.0 = Release|Any CPU
		{AFC80375-AE8A-433F-B061-E4DF87B0E0F1}.Release|Any CPU.Deploy.0 = Release|Any CPU
	EndGlobalSection
	GlobalSection(SolutionProperties) = preSolution
		HideSolutionNode = FALSE
	EndGlobalSection
EndGlobal
